
Microsoft Visual Studio Solution File, Format Version 12.00
# Visual Studio 2012
Project("{FAE04EC0-301F-11D3-BF4B-00C04F79EFBC}") = "md5_1", "md5_1\md5_1.csproj", "{2D48033F-9034-4959-9884-E84372176BB8}"
EndProject
Global
	GlobalSection(SolutionConfigurationPlatforms) = preSolution
		Debug|Any CPU = Debug|Any CPU
		Release|Any CPU = Release|Any CPU
	EndGlobalSection
	GlobalSection(ProjectConfigurationPlatforms) = postSolution
		{2D48033F-9034-4959-9884-E84372176BB8}.Debug|Any CPU.ActiveCfg = Debug|Any CPU
		{2D48033F-9034-4959-9884-E84372176BB8}.Debug|Any CPU.Build.0 = Debug|Any CPU
		{2D48033F-9034-4959-9884-E84372176BB8}.Release|Any CPU.ActiveCfg = Release|Any CPU
		{2D48033F-9034-4959-9884-E84372176BB8}.Release|Any CPU.Build.0 = Release|Any CPU
	EndGlobalSection
	GlobalSection(SolutionProperties) = preSolution
		HideSolutionNode = FALSE
	EndGlobalSection
EndGlobal
